[[package]]
name = "attrs"
version = "21.2.0"
description = "Classes Without Boilerplate"
category = "dev"
optional = false
python-versions = ">=2.7, !=3.0.*, !=3.1.*, !=3.2.*, !=3.3.*, !=3.4.*"

[package.extras]
dev = ["coverage[toml] (>=5.0.2)", "hypothesis", "pympler", "pytest (>=4.3.0)", "six", "mypy", "pytest-mypy-plugins", "zope.interface", "furo", "sphinx", "sphinx-notfound-page", "pre-commit"]
docs = ["furo", "sphinx", "zope.interface", "sphinx-notfound-page"]
tests = ["coverage[toml] (>=5.0.2)", "hypothesis", "pympler", "pytest (>=4.3.0)", "six", "mypy", "pytest-mypy-plugins", "zope.interface"]
tests_no_zope = ["coverage[toml] (>=5.0.2)", "hypothesis", "pympler", "pytest (>=4.3.0)", "six", "mypy", "pytest-mypy-plugins"]

[[package]]
name = "carrier.aramex"
version = "2021.2"
description = "Purolator Web API Schemas Python Data Types library"
category = "dev"
optional = false
python-versions = ">=3.6,<4.0"

[package.dependencies]
lxml = ">=4.6.2,<5.0.0"
six = ">=1.15.0,<2.0.0"

[[package]]
name = "carrier.australiapost"
version = "2021.2.1"
description = "Australia Post API Schemas Python Data Types library"
category = "dev"
optional = false
python-versions = ">=3.6,<4.0"

[package.dependencies]
jstruct = "*"

[[package]]
name = "carrier.boxknight"
version = "2020.11.2"
description = "Boxknight API Schemas Python Data Types library"
category = "dev"
optional = false
python-versions = ">=3.6,<4.0"

[package.dependencies]
jstruct = "*"

[[package]]
name = "carrier.canadapost"
version = "2021.7"
description = "Canada Post API Schemas Python Data Types library"
category = "dev"
optional = false
python-versions = ">=3.6,<4.0"

[package.dependencies]
lxml = ">=4.6.2,<5.0.0"
six = ">=1.15.0,<2.0.0"

[[package]]
name = "carrier.canpar"
version = "2021.2"
description = "Canpar Web API Schemas Python Data Types library"
category = "dev"
optional = false
python-versions = ">=3.6,<4.0"

[package.dependencies]
lxml = ">=4.6.2,<5.0.0"
six = ">=1.15.0,<2.0.0"

[[package]]
name = "carrier.dhl-express"
version = "2021.4"
description = "DHL Express Web API Schemas Python Data Types library"
category = "dev"
optional = false
python-versions = ">=3.6,<4.0"

[package.dependencies]
lxml = ">=4.6.2,<5.0.0"
six = ">=1.15.0,<2.0.0"

[[package]]
name = "carrier.dhl-universal"
version = "2021.2.1"
description = "DHL eCommerce API Schemas Python Data Types library"
category = "dev"
optional = false
python-versions = ">=3.6,<4.0"

[package.dependencies]
jstruct = "*"

[[package]]
name = "carrier.dicom"
version = "2021.2.1"
description = "Dicom Web API Schemas Python Data Types library"
category = "dev"
optional = false
python-versions = ">=3.6,<4.0"

[package.dependencies]
jstruct = "*"

[[package]]
name = "carrier.fedex"
version = "2021.4"
description = "FedEx Web API Schemas Python Data Types library"
category = "dev"
optional = false
python-versions = ">=3.6,<4.0"

[package.dependencies]
lxml = ">=4.6.2,<5.0.0"
six = ">=1.15.0,<2.0.0"

[[package]]
name = "carrier.purolator"
version = "2020.4.1"
description = "Purolator Web API Schemas Python Data Types library"
category = "dev"
optional = false
python-versions = ">=3.6,<4.0"

[package.dependencies]
lxml = ">=4.6.2,<5.0.0"
six = ">=1.15.0,<2.0.0"

[[package]]
name = "carrier.royalmail"
version = "2021.2.1"
description = "Australia Post API Schemas Python Data Types library"
category = "dev"
optional = false
python-versions = ">=3.6,<4.0"

[package.dependencies]
jstruct = "*"

[[package]]
name = "carrier.sendle"
version = "2021.2.1"
description = "Sendle API Schemas Python Data Types library"
category = "dev"
optional = false
python-versions = ">=3.6,<4.0"

[package.dependencies]
jstruct = "*"

[[package]]
name = "carrier.sf-express"
version = "2021.2"
description = "Purolator Web API Schemas Python Data Types library"
category = "dev"
optional = false
python-versions = ">=3.6,<4.0"

[package.dependencies]
lxml = ">=4.6.2,<5.0.0"
six = ">=1.15.0,<2.0.0"

[[package]]
name = "carrier.tnt"
version = "2021.3"
description = "TNT Web API Schemas Python Data Types library"
category = "dev"
optional = false
python-versions = ">=3.6,<4.0"

[package.dependencies]
lxml = ">=4.6.2,<5.0.0"
six = ">=1.15.0,<2.0.0"

[[package]]
name = "carrier.ups"
version = "2020.3.1"
description = "UPS Web API Schemas Python Data Types library"
category = "dev"
optional = false
python-versions = ">=3.6,<4.0"

[package.dependencies]
lxml = ">=4.6.2,<5.0.0"
six = ">=1.15.0,<2.0.0"

[[package]]
name = "carrier.usps"
version = "2021.6"
description = "USPS Web API Schemas Python Data Types library"
category = "dev"
optional = false
python-versions = ">=3.6,<4.0"

[package.dependencies]
lxml = ">=4.6.2,<5.0.0"
six = ">=1.15.0,<2.0.0"

[[package]]
name = "carrier.yanwen"
version = "2021.2.1"
description = "DHL eCommerce API Schemas Python Data Types library"
category = "dev"
optional = false
python-versions = ">=3.6,<4.0"

[package.dependencies]
jstruct = "*"

[[package]]
name = "carrier.yunexpress"
version = "2021.2.1"
description = "Purolator Web API Schemas Python Data Types library"
category = "dev"
optional = false
python-versions = ">=3.6,<4.0"

[package.dependencies]
jstruct = "*"

[[package]]
name = "jstruct"
version = "2021.7.1"
description = "Readable serializable and deserializable Python nested models"
category = "dev"
optional = false
python-versions = "*"

[package.dependencies]
attrs = "*"

[[package]]
name = "lxml"
version = "4.6.4"
description = "Powerful and Pythonic XML processing library combining libxml2/libxslt with the ElementTree API."
category = "dev"
optional = false
python-versions = ">=2.7, !=3.0.*, !=3.1.*, !=3.2.*, !=3.3.*, != 3.4.*"

[package.extras]
cssselect = ["cssselect (>=0.7)"]
html5 = ["html5lib"]
htmlsoup = ["beautifulsoup4"]
source = ["Cython (>=0.29.7)"]

[[package]]
name = "lxml-stubs"
version = "0.1.1"
description = "Type annotations for the lxml package"
category = "dev"
optional = false
python-versions = "*"

[package.extras]
test = ["pytest (>=6.0.0)", "pytest-mypy-plugins (==1.4.0)", "coverage[toml] (==5.2)"]

[[package]]
name = "phonenumbers"
version = "8.12.36"
description = "Python version of Google's common library for parsing, formatting, storing and validating international phone numbers."
category = "dev"
optional = false
python-versions = "*"

[[package]]
name = "pillow"
version = "8.4.0"
description = "Python Imaging Library (Fork)"
category = "dev"
optional = false
python-versions = ">=3.6"

[[package]]
name = "purplship"
version = "2021.10"
description = "Multi-carrier shipping API integration with python"
category = "dev"
optional = false
python-versions = "^3.7"
develop = true

[package.dependencies]
jstruct = "^2021.7.1"
lxml = "^4.6.2"
lxml-stubs = "^0.1.1"
phonenumbers = "^8.12.17"
Pillow = "^8.1.0"
py-soap = "^2020.3.2"
xmltodict = "^0.12.0"

[package.source]
type = "directory"
url = "core"

[[package]]
name = "purplship.aramex"
version = "2021.10"
description = "Purplship - Aramex Shipping Extension"
category = "dev"
optional = false
python-versions = "^3.7"
develop = true

[package.dependencies]
"carrier.aramex" = ""
purplship = "^2021.6"

[package.source]
type = "directory"
url = "extensions/aramex"

[[package]]
name = "purplship.australiapost"
version = "2021.10"
description = "Purplship - Australia Post Shipping Extension"
category = "dev"
optional = false
python-versions = "^3.7"
develop = true

[package.dependencies]
"carrier.australiapost" = ""
purplship = "^2021.6"

[package.source]
type = "directory"
url = "extensions/australiapost"

[[package]]
name = "purplship.boxknight"
version = "2021.10"
description = "Purplship - Boxknight Shipping Extension"
category = "dev"
optional = false
python-versions = "^3.7"
develop = true

[package.dependencies]
"carrier.boxknight" = ""
purplship = "^2021.6"

[package.source]
type = "directory"
url = "extensions/boxknight"

[[package]]
name = "purplship.canadapost"
version = "2021.10.1"
description = "Purplship - Canada Post Shipping Extension"
category = "dev"
optional = false
python-versions = "^3.7"
develop = true

[package.dependencies]
"carrier.canadapost" = ""
purplship = ""

[package.source]
type = "directory"
url = "extensions/canadapost"

[[package]]
name = "purplship.canpar"
version = "2021.10"
description = "Purplship - Canpar Shipping Extension"
category = "dev"
optional = false
python-versions = "^3.7"
develop = true

[package.dependencies]
"carrier.canpar" = ""
purplship = "^2021.6"

[package.source]
type = "directory"
url = "extensions/canpar"

[[package]]
name = "purplship.dhl-express"
version = "2021.11"
description = "Purplship - DHL Express Shipping Extension"
category = "dev"
optional = false
python-versions = "^3.7"
develop = true

[package.dependencies]
"carrier.dhl_express" = ""
purplship = "^2021.6"

[package.source]
type = "directory"
url = "extensions/dhl_express"

[[package]]
name = "purplship.dhl-universal"
version = "2021.11"
description = "Purplship - DHL Universal Tracking Extension"
category = "dev"
optional = false
python-versions = "^3.7"
develop = true

[package.dependencies]
"carrier.dhl_universal" = ""
purplship = "^2021.6"

[package.source]
type = "directory"
url = "extensions/dhl_universal"

[[package]]
name = "purplship.dicom"
version = "2021.10"
description = "Purplship - Dicom Shipping Extension"
category = "dev"
optional = false
python-versions = "^3.7"
develop = true

[package.dependencies]
"carrier.dicom" = ""
purplship = "^2021.6"

[package.source]
type = "directory"
url = "extensions/dicom"

[[package]]
name = "purplship.eshipper"
version = "2021.10"
description = "eShipper purplship extension"
category = "dev"
optional = false
python-versions = "^3.7"
develop = true

[package.dependencies]
purplship = ""

[package.source]
type = "directory"
url = "vendors/eshipper"

[[package]]
name = "purplship.fedex"
version = "2021.11"
description = "Purplship - Fedex Shipping Extension"
category = "dev"
optional = false
python-versions = "^3.7"
develop = true

[package.dependencies]
"carrier.fedex" = ""
purplship = "^2021.6"

[package.source]
type = "directory"
url = "extensions/fedex"

[[package]]
name = "purplship.freightcom"
version = "2021.10"
description = "Freightcom purplship extension"
category = "dev"
optional = false
python-versions = "^3.7"
develop = true

[package.dependencies]
purplship = ""

[package.source]
type = "directory"
url = "vendors/freightcom"

[[package]]
name = "purplship.purolator"
version = "2021.10"
description = "Purplship - Purolator Shipping Extension"
category = "dev"
optional = false
python-versions = "^3.7"
develop = true

[package.dependencies]
"carrier.purolator" = ""
purplship = "^2021.6"

[package.source]
type = "directory"
url = "extensions/purolator"

[[package]]
name = "purplship.royalmail"
version = "2021.11"
description = "Purplship - Royal Mail Shipping Extension"
category = "dev"
optional = false
python-versions = "^3.7"
develop = true

[package.dependencies]
"carrier.royalmail" = ""
purplship = "^2021.6"

[package.source]
type = "directory"
url = "extensions/royalmail"

[[package]]
name = "purplship.sendle"
version = "2021.11"
description = "Purplship - Sendle Shipping Extension"
category = "dev"
optional = false
python-versions = "^3.7"
develop = true

[package.dependencies]
"carrier.sendle" = ""
purplship = ""

[package.source]
type = "directory"
url = "extensions/sendle"

[[package]]
name = "purplship.sf-express"
version = "2021.10"
description = "Purplship - SF-Express Shipping Extension"
category = "dev"
optional = false
python-versions = "^3.7"
develop = true

[package.dependencies]
"carrier.sf_express" = ""
purplship = "^2021.6"

[package.source]
type = "directory"
url = "extensions/sf_express"

[[package]]
name = "purplship.tnt"
version = "2021.10"
description = "Purplship - TNT Shipping Extension"
category = "dev"
optional = false
python-versions = "^3.7"
develop = true

[package.dependencies]
"carrier.tnt" = ""
purplship = "^2021.6"

[package.source]
type = "directory"
url = "extensions/tnt"

[[package]]
name = "purplship.ups"
version = "2021.10"
description = "Purplship - UPS Shipping Extension"
category = "dev"
optional = false
python-versions = "^3.7"
develop = true

[package.dependencies]
"carrier.ups" = ""
purplship = "^2021.6"

[package.source]
type = "directory"
url = "extensions/ups"

[[package]]
name = "purplship.usps"
version = "2021.11"
description = "Purplship - USPS Shipping Extension"
category = "dev"
optional = false
python-versions = "^3.7"
develop = true

[package.dependencies]
"carrier.usps" = ""
purplship = "^2021.6"

[package.source]
type = "directory"
url = "extensions/usps"

[[package]]
name = "purplship.usps-international"
version = "2021.11"
description = "Purplship - USPS International Shipping Extension"
category = "dev"
optional = false
python-versions = "^3.7"
develop = true

[package.dependencies]
"carrier.usps" = ""
purplship = "^2021.6"

[package.source]
type = "directory"
url = "extensions/usps_international"

[[package]]
name = "purplship.yanwen"
version = "2021.10"
description = "Purplship - Yanwen Shipping Extension"
category = "dev"
optional = false
python-versions = "^3.7"
develop = true

[package.dependencies]
"carrier.yanwen" = ""
purplship = "^2021.6"

[package.source]
type = "directory"
url = "extensions/yanwen"

[[package]]
name = "purplship.yunexpress"
version = "2021.10"
description = "Purplship - Yunexpress Shipping Extension"
category = "dev"
optional = false
python-versions = "^3.7"
develop = true

[package.dependencies]
"carrier.yunexpress" = ""
purplship = "^2021.6"

[package.source]
type = "directory"
url = "extensions/yunexpress"

[[package]]
name = "py-soap"
version = "2020.3.2"
description = "SOAP Schemas Python Data Types library"
category = "dev"
optional = false
python-versions = ">=3.6,<4.0"

[package.dependencies]
lxml = ">=4.6.2,<5.0.0"
six = ">=1.15.0,<2.0.0"

[[package]]
name = "six"
version = "1.16.0"
description = "Python 2 and 3 compatibility utilities"
category = "dev"
optional = false
python-versions = ">=2.7, !=3.0.*, !=3.1.*, !=3.2.*"

[[package]]
name = "xmltodict"
version = "0.12.0"
description = "Makes working with XML feel like you are working with JSON"
category = "dev"
optional = false
python-versions = ">=2.7, !=3.0.*, !=3.1.*, !=3.2.*, !=3.3.*"

[metadata]
lock-version = "1.1"
python-versions = "^3.7"
content-hash = "c7e5b8a9b70a8a63a2ecc31102bb69e81aef8bbd1cd6bc0d47a5d2012a3b1079"

[metadata.files]
attrs = [
    {file = "attrs-21.2.0-py2.py3-none-any.whl", hash = "sha256:149e90d6d8ac20db7a955ad60cf0e6881a3f20d37096140088356da6c716b0b1"},
    {file = "attrs-21.2.0.tar.gz", hash = "sha256:ef6aaac3ca6cd92904cdd0d83f629a15f18053ec84e6432106f7a4d04ae4f5fb"},
]
"carrier.aramex" = [
    {file = "carrier.aramex-2021.2-py3-none-any.whl", hash = "sha256:d62edc7ff9e9d8cde6d1d60373c6c2f726cd622da6c50845e5f787e0bbf145a4"},
]
"carrier.australiapost" = [
    {file = "carrier.australiapost-2021.2.1-py3-none-any.whl", hash = "sha256:2bb030a46c07636a041ea8a57f64a17674fe0c0cc8eb6ebff56e03faa0322730"},
]
"carrier.boxknight" = [
    {file = "carrier.boxknight-2020.11.2-py3-none-any.whl", hash = "sha256:e6d99a06d98d624a21333d798c2ae681be1d1f29589111e5db9ed2fbde28b63a"},
]
"carrier.canadapost" = [
    {file = "carrier.canadapost-2021.7-py3-none-any.whl", hash = "sha256:c81849b7ea8bbf13702c94e09b5aa93d869327f2c439377f186e32c142c17d77"},
]
"carrier.canpar" = [
    {file = "carrier.canpar-2021.2-py3-none-any.whl", hash = "sha256:51b366a8abf7f02e45b95ee01f4bfc8296a46545c45480c9696819816d5c5927"},
]
"carrier.dhl-express" = [
    {file = "carrier.dhl_express-2021.4-py3-none-any.whl", hash = "sha256:23fd7cd2e6658e2a77f49ddf8887624b3b6fc97fbe48d8bfce3139760d5fa36a"},
]
"carrier.dhl-universal" = [
    {file = "carrier.dhl_universal-2021.2.1-py3-none-any.whl", hash = "sha256:4e78518ca280fd6a4a99a2ac17f038f4b2735388c949312c9d1c5e814f9db191"},
]
"carrier.dicom" = [
    {file = "carrier.dicom-2021.2.1-py3-none-any.whl", hash = "sha256:f118f850aa526dd321f0c8f8a6801848fb0c9d4bb753688bf939dc7b931fd533"},
]
"carrier.fedex" = [
    {file = "carrier.fedex-2021.4-py3-none-any.whl", hash = "sha256:9894a1bc5dc7bf81ff73202b881c1bc18eea347af37c6c42a1462284dee1999e"},
]
"carrier.purolator" = [
    {file = "carrier.purolator-2020.4.1-py3-none-any.whl", hash = "sha256:9571870e3a47d5aba483a3a5db6dc6fa6135918b26b6878d989943652137b93b"},
]
"carrier.royalmail" = [
    {file = "carrier.royalmail-2021.2.1-py3-none-any.whl", hash = "sha256:89227b38f82f3fab0b797702a8c1489302f5d4fae6303d7c2b08748239d3bca8"},
]
"carrier.sendle" = [
    {file = "carrier.sendle-2021.2.1-py3-none-any.whl", hash = "sha256:9892fc9a1d306d85a6c6899417f8d1a3502b2d303762fc8300cbbe478a23bec4"},
]
"carrier.sf-express" = [
    {file = "carrier.sf_express-2021.2-py3-none-any.whl", hash = "sha256:3fa0115d80d0fee7e6ccc5e7b1a1779898fa006c2fb5af52a7b91c9857111187"},
]
"carrier.tnt" = [
    {file = "carrier.tnt-2021.3-py3-none-any.whl", hash = "sha256:90bb31bc3b400a62e32862b13060f2693c22b4f7c90726b8c3f37fed368ed591"},
]
"carrier.ups" = [
    {file = "carrier.ups-2020.3.1-py3-none-any.whl", hash = "sha256:0f2346fe7360f4e91f8c6215404b8eabd1f8d57dbac8fcb87410c5cdcbd08f15"},
]
"carrier.usps" = [
    {file = "carrier.usps-2021.6-py3-none-any.whl", hash = "sha256:3db8bb9d7ebd30ad7b4de01af71ed66b6088b63ea314729e4a2a2215f1864dfb"},
]
"carrier.yanwen" = [
    {file = "carrier.yanwen-2021.2.1-py3-none-any.whl", hash = "sha256:78ebf2e40f0dd5de66b7fda6fb8ec705b292db46f1d3923cbf2ce642139ea361"},
]
"carrier.yunexpress" = [
    {file = "carrier.yunexpress-2021.2.1-py3-none-any.whl", hash = "sha256:d385b947e1ce9c59f69f5df31f2a58e5a83c6e79eb3b1e372302a0bb42faa014"},
]
jstruct = [
    {file = "jstruct-2021.7.1-py3-none-any.whl", hash = "sha256:3711294897334e51bc5a706231896018d474a8e458f879cc493eac9cdc6365c3"},
]
lxml = [
    {file = "lxml-4.6.4-cp27-cp27m-macosx_10_14_x86_64.whl", hash = "sha256:bbf2dc330bd44bfc0254ab37677ec60f7c7ecea55ad8ba1b8b2ea7bf20c265f5"},
    {file = "lxml-4.6.4-cp27-cp27m-manylinux_2_5_i686.manylinux1_i686.whl", hash = "sha256:b667c51682fe9b9788c69465956baa8b6999531876ccedcafc895c74ad716cd8"},
    {file = "lxml-4.6.4-cp27-cp27m-manylinux_2_5_x86_64.manylinux1_x86_64.whl", hash = "sha256:72e730d33fe2e302fd07285f14624fca5e5e2fb2bb4fb2c3941e318c41c443d1"},
    {file = "lxml-4.6.4-cp27-cp27m-win32.whl", hash = "sha256:433df8c7dde0f9e41cbf4f36b0829d50a378116ef5e962ba3881f2f5f025c7be"},
    {file = "lxml-4.6.4-cp27-cp27m-win_amd64.whl", hash = "sha256:35752ee40f7bbf6adc9ff4e1f4b84794a3593736dcce80db32e3c2aa85e294ac"},
    {file = "lxml-4.6.4-cp27-cp27mu-manylinux_2_5_i686.manylinux1_i686.whl", hash = "sha256:5ff5bb2a198ea67403bb6818705e9a4f90e0313f2215428ec51001ce56d939fb"},
    {file = "lxml-4.6.4-cp27-cp27mu-manylinux_2_5_x86_64.manylinux1_x86_64.whl", hash = "sha256:9b87727561c1150c0cc91c5d9d389448b37a7d15f0ba939ed3d1acb2f11bf6c5"},
    {file = "lxml-4.6.4-cp310-cp310-macosx_10_14_x86_64.whl", hash = "sha256:45fdb2899c755138722797161547a40b3e2a06feda620cc41195ee7e97806d81"},
    {file = "lxml-4.6.4-cp310-cp310-manylinux_2_12_i686.manylinux2010_i686.manylinux_2_24_i686.whl", hash = "sha256:38b9de0de3aa689fe9fb9877ae1be1e83b8cf9621f7e62049d0436b9ecf4ad64"},
    {file = "lxml-4.6.4-cp310-cp310-manylinux_2_17_aarch64.manylinux2014_aarch64.manylinux_2_24_aarch64.whl", hash = "sha256:662523cd2a0246740225c7e32531f2e766544122e58bee70e700a024cfc0cf81"},
    {file = "lxml-4.6.4-cp310-cp310-manylinux_2_17_x86_64.manylinux2014_x86_64.manylinux_2_24_x86_64.whl", hash = "sha256:4aa349c5567651f34d4eaae7de6ed5b523f6d70a288f9c6fbac22d13a0784e04"},
    {file = "lxml-4.6.4-cp310-cp310-musllinux_1_1_x86_64.whl", hash = "sha256:08eb9200d88b376a8ed5e50f1dc1d1a45b49305169674002a3b5929943390591"},
    {file = "lxml-4.6.4-cp310-cp310-win32.whl", hash = "sha256:bdc224f216ead849e902151112efef6e96c41ee1322e15d4e5f7c8a826929aee"},
    {file = "lxml-4.6.4-cp310-cp310-win_amd64.whl", hash = "sha256:ab6db93a2b6b66cbf62b4e4a7135f476e708e8c5c990d186584142c77d7f975a"},
    {file = "lxml-4.6.4-cp35-cp35m-manylinux_2_5_i686.manylinux1_i686.whl", hash = "sha256:50790313df028aa05cf22be9a8da033b86c42fa32523e4fd944827b482b17bf0"},
    {file = "lxml-4.6.4-cp35-cp35m-manylinux_2_5_x86_64.manylinux1_x86_64.whl", hash = "sha256:6764998345552b1dfc9326a932d2bad6367c6b37a176bb73ada6b9486bf602f7"},
    {file = "lxml-4.6.4-cp35-cp35m-win32.whl", hash = "sha256:543b239b191bb3b6d9bef5f09f1fb2be5b7eb09ab4d386aa655e4d53fbe9ff47"},
    {file = "lxml-4.6.4-cp35-cp35m-win_amd64.whl", hash = "sha256:a75c1ad05eedb1a3ff2a34a52a4f0836cfaa892e12796ba39a7732c82701eff4"},
    {file = "lxml-4.6.4-cp36-cp36m-macosx_10_14_x86_64.whl", hash = "sha256:47e955112ce64241fdb357acf0216081f9f3255b3ac9c502ca4b3323ec1ca558"},
    {file = "lxml-4.6.4-cp36-cp36m-manylinux_2_12_i686.manylinux2010_i686.manylinux_2_24_i686.whl", hash = "sha256:20d7c8d90d449c6a353b15ee0459abae8395dbe59ad01e406ccbf30cd81c6f98"},
    {file = "lxml-4.6.4-cp36-cp36m-manylinux_2_17_x86_64.manylinux2014_x86_64.manylinux_2_24_x86_64.whl", hash = "sha256:240db6f3228d26e3c6f4fad914b9ddaaf8707254e8b3efd564dc680c8ec3c264"},
    {file = "lxml-4.6.4-cp36-cp36m-manylinux_2_5_i686.manylinux1_i686.whl", hash = "sha256:351482da8dd028834028537f08724b1de22d40dcf3bb723b469446564f409074"},
    {file = "lxml-4.6.4-cp36-cp36m-manylinux_2_5_x86_64.manylinux1_x86_64.whl", hash = "sha256:e678a643177c0e5ec947b645fa7bc84260dfb9b6bf8fb1fdd83008dfc2ca5928"},
    {file = "lxml-4.6.4-cp36-cp36m-musllinux_1_1_x86_64.whl", hash = "sha256:15d0381feb56f08f78c5cc4fc385ddfe0bde1456e37f54a9322833371aec4060"},
    {file = "lxml-4.6.4-cp36-cp36m-win32.whl", hash = "sha256:4ba74afe5ee5cb5e28d83b513a6e8f0875fda1dc1a9aea42cc0065f029160d2a"},
    {file = "lxml-4.6.4-cp36-cp36m-win_amd64.whl", hash = "sha256:9c91a73971a922c13070fd8fa5a114c858251791ba2122a941e6aa781c713e44"},
    {file = "lxml-4.6.4-cp37-cp37m-macosx_10_14_x86_64.whl", hash = "sha256:6020c70ff695106bf80651953a23e37718ef1fee9abd060dcad8e32ab2dc13f3"},
    {file = "lxml-4.6.4-cp37-cp37m-manylinux_2_12_i686.manylinux2010_i686.manylinux_2_24_i686.whl", hash = "sha256:f5dd358536b8a964bf6bd48de038754c1609e72e5f17f5d21efe2dda17594dbf"},
    {file = "lxml-4.6.4-cp37-cp37m-manylinux_2_17_aarch64.manylinux2014_aarch64.manylinux_2_24_aarch64.whl", hash = "sha256:7ae7089d81fc502df4b217ad77f03c54039fe90dac0acbe70448d7e53bfbc57e"},
    {file = "lxml-4.6.4-cp37-cp37m-manylinux_2_17_x86_64.manylinux2014_x86_64.manylinux_2_24_x86_64.whl", hash = "sha256:80d10d53d3184837445ff8562021bdd37f57c4cadacbf9d8726cc16220a00d54"},
    {file = "lxml-4.6.4-cp37-cp37m-manylinux_2_5_i686.manylinux1_i686.whl", hash = "sha256:e95da348d57eb448d226a44b868ff2ca5786fbcbe417ac99ff62d0a7d724b9c7"},
    {file = "lxml-4.6.4-cp37-cp37m-manylinux_2_5_x86_64.manylinux1_x86_64.whl", hash = "sha256:ffd65cfa33fed01735c82aca640fde4cc63f0414775cba11e06f84fae2085a6e"},
    {file = "lxml-4.6.4-cp37-cp37m-musllinux_1_1_x86_64.whl", hash = "sha256:877666418598f6cb289546c77ff87590cfd212f903b522b0afa0b9fb73b3ccfb"},
    {file = "lxml-4.6.4-cp37-cp37m-win32.whl", hash = "sha256:e91d24623e747eeb2d8121f4a94c6a7ad27dc48e747e2dc95bfe88632bd028a2"},
    {file = "lxml-4.6.4-cp37-cp37m-win_amd64.whl", hash = "sha256:4ec9a80dd5704ecfde54319b6964368daf02848c8954d3bacb9b64d1c7659159"},
    {file = "lxml-4.6.4-cp38-cp38-macosx_10_14_x86_64.whl", hash = "sha256:2901625f4a878a055d275beedc20ba9cb359cefc4386a967222fee29eb236038"},
    {file = "lxml-4.6.4-cp38-cp38-manylinux_2_12_i686.manylinux2010_i686.manylinux_2_24_i686.whl", hash = "sha256:b567178a74a2261345890eac66fbf394692a6e002709d329f28a673ca6042473"},
    {file = "lxml-4.6.4-cp38-cp38-manylinux_2_17_aarch64.manylinux2014_aarch64.manylinux_2_24_aarch64.whl", hash = "sha256:4717123f7c11c81e0da69989e5a64079c3f402b0efeb4c6241db6c369d657bd8"},
    {file = "lxml-4.6.4-cp38-cp38-manylinux_2_17_x86_64.manylinux2014_x86_64.manylinux_2_24_x86_64.whl", hash = "sha256:cf201bf5594d1aab139fe53e3fca457e4f8204a5bbd65d48ab3b82a16f517868"},
    {file = "lxml-4.6.4-cp38-cp38-manylinux_2_5_i686.manylinux1_i686.whl", hash = "sha256:a77a3470ba37e11872c75ca95baf9b3312133a3d5a5dc720803b23098c653976"},
    {file = "lxml-4.6.4-cp38-cp38-manylinux_2_5_x86_64.manylinux1_x86_64.whl", hash = "sha256:619c6d2b552bba00491e96c0518aad94002651c108a0f7364ff2d7798812c00e"},
    {file = "lxml-4.6.4-cp38-cp38-musllinux_1_1_x86_64.whl", hash = "sha256:601f0ab75538b280aaf1e720eb9d68d4fa104ac274e1e9e6971df488f4dcdb0f"},
    {file = "lxml-4.6.4-cp38-cp38-win32.whl", hash = "sha256:75d3c5bbc0ddbad03bb68b9be638599f67e4b98ed3dcd0fec9f6f39e41ee96cb"},
    {file = "lxml-4.6.4-cp38-cp38-win_amd64.whl", hash = "sha256:4341d135f5660db10184963d9c3418c3e28d7f868aaf8b11a323ebf85813f7f4"},
    {file = "lxml-4.6.4-cp39-cp39-macosx_10_14_x86_64.whl", hash = "sha256:9db24803fa71e3305fe4a7812782b708da21a0b774b130dd1860cf40a6d7a3ee"},
    {file = "lxml-4.6.4-cp39-cp39-manylinux_2_12_i686.manylinux2010_i686.manylinux_2_24_i686.whl", hash = "sha256:afd60230ad9d8bcba005945ec3a343722f09e0b7f8ae804246e5d2cfc6bd71a6"},
    {file = "lxml-4.6.4-cp39-cp39-manylinux_2_17_aarch64.manylinux2014_aarch64.manylinux_2_24_aarch64.whl", hash = "sha256:0c15e1cd55055956e77b0732270f1c6005850696bc3ef3e03d01e78af84eaa42"},
    {file = "lxml-4.6.4-cp39-cp39-manylinux_2_17_x86_64.manylinux2014_x86_64.manylinux_2_24_x86_64.whl", hash = "sha256:6d422b3c729737d8a39279a25fa156c983a56458f8b2f97661ee6fb22b80b1d6"},
    {file = "lxml-4.6.4-cp39-cp39-manylinux_2_5_i686.manylinux1_i686.whl", hash = "sha256:2eb90f6ec3c236ef2f1bb38aee7c0d23e77d423d395af6326e7cca637519a4cb"},
    {file = "lxml-4.6.4-cp39-cp39-manylinux_2_5_x86_64.manylinux1_x86_64.whl", hash = "sha256:51a0e5d243687596f46e24e464121d4b232ad772e2d1785b2a2c0eb413c285d4"},
    {file = "lxml-4.6.4-cp39-cp39-musllinux_1_1_x86_64.whl", hash = "sha256:d43bd68714049c84e297c005456a15ecdec818f7b5aa5868c8b0a865cfb78a44"},
    {file = "lxml-4.6.4-cp39-cp39-win32.whl", hash = "sha256:ee9e4b07b0eba4b6a521509e9e1877476729c1243246b6959de697ebea739643"},
    {file = "lxml-4.6.4-cp39-cp39-win_amd64.whl", hash = "sha256:48eaac2991b3036175b42ee8d3c23f4cca13f2be8426bf29401a690ab58c88f4"},
    {file = "lxml-4.6.4-pp37-pypy37_pp73-macosx_10_14_x86_64.whl", hash = "sha256:2b06a91cf7b8acea7793006e4ae50646cef0fe35ce5acd4f5cb1c77eb228e4a1"},
    {file = "lxml-4.6.4-pp37-pypy37_pp73-manylinux_2_12_i686.manylinux2010_i686.manylinux_2_24_i686.whl", hash = "sha256:523f195948a1ba4f9f5b7294d83c6cd876547dc741820750a7e5e893a24bbe38"},
    {file = "lxml-4.6.4-pp37-pypy37_pp73-manylinux_2_17_x86_64.manylinux2014_x86_64.manylinux_2_24_x86_64.whl", hash = "sha256:b0ca0ada9d3bc18bd6f611bd001a28abdd49ab9698bd6d717f7f5394c8e94628"},
    {file = "lxml-4.6.4-pp38-pypy38_pp73-macosx_10_14_x86_64.whl", hash = "sha256:197b7cb7a753cf553a45115739afd8458464a28913da00f5c525063f94cd3f48"},
    {file = "lxml-4.6.4-pp38-pypy38_pp73-manylinux_2_12_i686.manylinux2010_i686.manylinux_2_24_i686.whl", hash = "sha256:6298f5b42a26581206ef63fffa97c754245d329414108707c525512a5197f2ba"},
    {file = "lxml-4.6.4-pp38-pypy38_pp73-manylinux_2_17_x86_64.manylinux2014_x86_64.manylinux_2_24_x86_64.whl", hash = "sha256:0b12c95542f04d10cba46b3ff28ea52ea56995b78cf918f0b11b05e75812bb79"},
    {file = "lxml-4.6.4.tar.gz", hash = "sha256:daf9bd1fee31f1c7a5928b3e1059e09a8d683ea58fb3ffc773b6c88cb8d1399c"},
]
lxml-stubs = [
    {file = "lxml-stubs-0.1.1.tar.gz", hash = "sha256:9b6a01ba4bccd6e532c01e19d2a3bc6d1d018fa0b9870236f61f315cb7b06648"},
    {file = "lxml_stubs-0.1.1-py3-none-any.whl", hash = "sha256:d34a28be0e2525b0236aff7fe67af1f61911f556cadbc61f09810b69f762b747"},
]
phonenumbers = [
    {file = "phonenumbers-8.12.36-py2.py3-none-any.whl", hash = "sha256:fa91fff1cefee6873c78f08c767f341a7658c849ffb74b605cb38cefef0e76fa"},
    {file = "phonenumbers-8.12.36.tar.gz", hash = "sha256:e29717fcf86d68082fc6e42ca07e52bff863b6e0b354edd1644ba15c35ef213d"},
]
pillow = [
    {file = "Pillow-8.4.0-cp310-cp310-macosx_10_10_universal2.whl", hash = "sha256:81f8d5c81e483a9442d72d182e1fb6dcb9723f289a57e8030811bac9ea3fef8d"},
    {file = "Pillow-8.4.0-cp310-cp310-macosx_11_0_arm64.whl", hash = "sha256:3f97cfb1e5a392d75dd8b9fd274d205404729923840ca94ca45a0af57e13dbe6"},
    {file = "Pillow-8.4.0-cp310-cp310-manylinux_2_17_aarch64.manylinux2014_aarch64.whl", hash = "sha256:eb9fc393f3c61f9054e1ed26e6fe912c7321af2f41ff49d3f83d05bacf22cc78"},
    {file = "Pillow-8.4.0-cp310-cp310-manylinux_2_17_i686.manylinux2014_i686.whl", hash = "sha256:d82cdb63100ef5eedb8391732375e6d05993b765f72cb34311fab92103314649"},
    {file = "Pillow-8.4.0-cp310-cp310-manylinux_2_17_x86_64.manylinux2014_x86_64.whl", hash = "sha256:62cc1afda735a8d109007164714e73771b499768b9bb5afcbbee9d0ff374b43f"},
    {file = "Pillow-8.4.0-cp310-cp310-win32.whl", hash = "sha256:e3dacecfbeec9a33e932f00c6cd7996e62f53ad46fbe677577394aaa90ee419a"},
    {file = "Pillow-8.4.0-cp310-cp310-win_amd64.whl", hash = "sha256:620582db2a85b2df5f8a82ddeb52116560d7e5e6b055095f04ad828d1b0baa39"},
    {file = "Pillow-8.4.0-cp36-cp36m-macosx_10_10_x86_64.whl", hash = "sha256:1bc723b434fbc4ab50bb68e11e93ce5fb69866ad621e3c2c9bdb0cd70e345f55"},
    {file = "Pillow-8.4.0-cp36-cp36m-manylinux_2_17_aarch64.manylinux2014_aarch64.whl", hash = "sha256:72cbcfd54df6caf85cc35264c77ede902452d6df41166010262374155947460c"},
    {file = "Pillow-8.4.0-cp36-cp36m-manylinux_2_17_i686.manylinux2014_i686.whl", hash = "sha256:70ad9e5c6cb9b8487280a02c0ad8a51581dcbbe8484ce058477692a27c151c0a"},
    {file = "Pillow-8.4.0-cp36-cp36m-manylinux_2_17_x86_64.manylinux2014_x86_64.whl", hash = "sha256:25a49dc2e2f74e65efaa32b153527fc5ac98508d502fa46e74fa4fd678ed6645"},
    {file = "Pillow-8.4.0-cp36-cp36m-win32.whl", hash = "sha256:93ce9e955cc95959df98505e4608ad98281fff037350d8c2671c9aa86bcf10a9"},
    {file = "Pillow-8.4.0-cp36-cp36m-win_amd64.whl", hash = "sha256:2e4440b8f00f504ee4b53fe30f4e381aae30b0568193be305256b1462216feff"},
    {file = "Pillow-8.4.0-cp37-cp37m-macosx_10_10_x86_64.whl", hash = "sha256:8c803ac3c28bbc53763e6825746f05cc407b20e4a69d0122e526a582e3b5e153"},
    {file = "Pillow-8.4.0-cp37-cp37m-manylinux_2_17_aarch64.manylinux2014_aarch64.whl", hash = "sha256:c8a17b5d948f4ceeceb66384727dde11b240736fddeda54ca740b9b8b1556b29"},
    {file = "Pillow-8.4.0-cp37-cp37m-manylinux_2_17_i686.manylinux2014_i686.whl", hash = "sha256:1394a6ad5abc838c5cd8a92c5a07535648cdf6d09e8e2d6df916dfa9ea86ead8"},
    {file = "Pillow-8.4.0-cp37-cp37m-manylinux_2_17_x86_64.manylinux2014_x86_64.whl", hash = "sha256:792e5c12376594bfcb986ebf3855aa4b7c225754e9a9521298e460e92fb4a488"},
    {file = "Pillow-8.4.0-cp37-cp37m-win32.whl", hash = "sha256:d99ec152570e4196772e7a8e4ba5320d2d27bf22fdf11743dd882936ed64305b"},
    {file = "Pillow-8.4.0-cp37-cp37m-win_amd64.whl", hash = "sha256:7b7017b61bbcdd7f6363aeceb881e23c46583739cb69a3ab39cb384f6ec82e5b"},
    {file = "Pillow-8.4.0-cp38-cp38-macosx_10_10_x86_64.whl", hash = "sha256:d89363f02658e253dbd171f7c3716a5d340a24ee82d38aab9183f7fdf0cdca49"},
    {file = "Pillow-8.4.0-cp38-cp38-macosx_11_0_arm64.whl", hash = "sha256:0a0956fdc5defc34462bb1c765ee88d933239f9a94bc37d132004775241a7585"},
    {file = "Pillow-8.4.0-cp38-cp38-manylinux_2_17_aarch64.manylinux2014_aarch64.whl", hash = "sha256:5b7bb9de00197fb4261825c15551adf7605cf14a80badf1761d61e59da347779"},
    {file = "Pillow-8.4.0-cp38-cp38-manylinux_2_17_i686.manylinux2014_i686.whl", hash = "sha256:72b9e656e340447f827885b8d7a15fc8c4e68d410dc2297ef6787eec0f0ea409"},
    {file = "Pillow-8.4.0-cp38-cp38-manylinux_2_17_x86_64.manylinux2014_x86_64.whl", hash = "sha256:a5a4532a12314149d8b4e4ad8ff09dde7427731fcfa5917ff16d0291f13609df"},
    {file = "Pillow-8.4.0-cp38-cp38-win32.whl", hash = "sha256:82aafa8d5eb68c8463b6e9baeb4f19043bb31fefc03eb7b216b51e6a9981ae09"},
    {file = "Pillow-8.4.0-cp38-cp38-win_amd64.whl", hash = "sha256:066f3999cb3b070a95c3652712cffa1a748cd02d60ad7b4e485c3748a04d9d76"},
    {file = "Pillow-8.4.0-cp39-cp39-macosx_10_10_x86_64.whl", hash = "sha256:5503c86916d27c2e101b7f71c2ae2cddba01a2cf55b8395b0255fd33fa4d1f1a"},
    {file = "Pillow-8.4.0-cp39-cp39-macosx_11_0_arm64.whl", hash = "sha256:4acc0985ddf39d1bc969a9220b51d94ed51695d455c228d8ac29fcdb25810e6e"},
    {file = "Pillow-8.4.0-cp39-cp39-manylinux_2_17_aarch64.manylinux2014_aarch64.whl", hash = "sha256:0b052a619a8bfcf26bd8b3f48f45283f9e977890263e4571f2393ed8898d331b"},
    {file = "Pillow-8.4.0-cp39-cp39-manylinux_2_17_i686.manylinux2014_i686.whl", hash = "sha256:493cb4e415f44cd601fcec11c99836f707bb714ab03f5ed46ac25713baf0ff20"},
    {file = "Pillow-8.4.0-cp39-cp39-manylinux_2_17_x86_64.manylinux2014_x86_64.whl", hash = "sha256:b8831cb7332eda5dc89b21a7bce7ef6ad305548820595033a4b03cf3091235ed"},
    {file = "Pillow-8.4.0-cp39-cp39-win32.whl", hash = "sha256:5e9ac5f66616b87d4da618a20ab0a38324dbe88d8a39b55be8964eb520021e02"},
    {file = "Pillow-8.4.0-cp39-cp39-win_amd64.whl", hash = "sha256:3eb1ce5f65908556c2d8685a8f0a6e989d887ec4057326f6c22b24e8a172c66b"},
    {file = "Pillow-8.4.0-pp36-pypy36_pp73-macosx_10_10_x86_64.whl", hash = "sha256:ddc4d832a0f0b4c52fff973a0d44b6c99839a9d016fe4e6a1cb8f3eea96479c2"},
    {file = "Pillow-8.4.0-pp36-pypy36_pp73-manylinux_2_17_i686.manylinux2014_i686.whl", hash = "sha256:9a3e5ddc44c14042f0844b8cf7d2cd455f6cc80fd7f5eefbe657292cf601d9ad"},
    {file = "Pillow-8.4.0-pp36-pypy36_pp73-manylinux_2_17_x86_64.manylinux2014_x86_64.whl", hash = "sha256:c70e94281588ef053ae8998039610dbd71bc509e4acbc77ab59d7d2937b10698"},
    {file = "Pillow-8.4.0-pp37-pypy37_pp73-macosx_10_10_x86_64.whl", hash = "sha256:3862b7256046fcd950618ed22d1d60b842e3a40a48236a5498746f21189afbbc"},
    {file = "Pillow-8.4.0-pp37-pypy37_pp73-manylinux_2_17_i686.manylinux2014_i686.whl", hash = "sha256:a4901622493f88b1a29bd30ec1a2f683782e57c3c16a2dbc7f2595ba01f639df"},
    {file = "Pillow-8.4.0-pp37-pypy37_pp73-manylinux_2_17_x86_64.manylinux2014_x86_64.whl", hash = "sha256:84c471a734240653a0ec91dec0996696eea227eafe72a33bd06c92697728046b"},
    {file = "Pillow-8.4.0-pp37-pypy37_pp73-win_amd64.whl", hash = "sha256:244cf3b97802c34c41905d22810846802a3329ddcb93ccc432870243211c79fc"},
    {file = "Pillow-8.4.0.tar.gz", hash = "sha256:b8e2f83c56e141920c39464b852de3719dfbfb6e3c99a2d8da0edf4fb33176ed"},
]
purplship = []
"purplship.aramex" = []
"purplship.australiapost" = []
"purplship.boxknight" = []
"purplship.canadapost" = []
"purplship.canpar" = []
"purplship.dhl-express" = []
"purplship.dhl-universal" = []
"purplship.dicom" = []
"purplship.eshipper" = []
"purplship.fedex" = []
"purplship.freightcom" = []
"purplship.purolator" = []
"purplship.royalmail" = []
"purplship.sendle" = []
"purplship.sf-express" = []
"purplship.tnt" = []
"purplship.ups" = []
"purplship.usps" = []
"purplship.usps-international" = []
"purplship.yanwen" = []
"purplship.yunexpress" = []
py-soap = [
    {file = "py_soap-2020.3.2-py3-none-any.whl", hash = "sha256:61e2ec956d349bdd9d4c6248a2ae3c4cc4b0a2a5cf6b439b6de480a3bc2766a1"},
]
six = [
    {file = "six-1.16.0-py2.py3-none-any.whl", hash = "sha256:8abb2f1d86890a2dfb989f9a77cfcfd3e47c2a354b01111771326f8aa26e0254"},
    {file = "six-1.16.0.tar.gz", hash = "sha256:1e61c37477a1626458e36f7b1d82aa5c9b094fa4802892072e49de9c60c4c926"},
]
xmltodict = [
    {file = "xmltodict-0.12.0-py2.py3-none-any.whl", hash = "sha256:8bbcb45cc982f48b2ca8fe7e7827c5d792f217ecf1792626f808bf41c3b86051"},
    {file = "xmltodict-0.12.0.tar.gz", hash = "sha256:50d8c638ed7ecb88d90561beedbf720c9b4e851a9fa6c47ebd64e99d166d8a21"},
]
