[[package]]
name = "attrs"
version = "20.3.0"
description = "Classes Without Boilerplate"
category = "main"
optional = false
python-versions = ">=2.7, !=3.0.*, !=3.1.*, !=3.2.*, !=3.3.*"

[package.extras]
dev = ["coverage[toml] (>=5.0.2)", "hypothesis", "pympler", "pytest (>=4.3.0)", "six", "zope.interface", "furo", "sphinx", "pre-commit"]
docs = ["furo", "sphinx", "zope.interface"]
tests = ["coverage[toml] (>=5.0.2)", "hypothesis", "pympler", "pytest (>=4.3.0)", "six", "zope.interface"]
tests_no_zope = ["coverage[toml] (>=5.0.2)", "hypothesis", "pympler", "pytest (>=4.3.0)", "six"]

[[package]]
name = "jstruct"
version = "2020.4.0"
description = "Readable serializable and deserializable Python nested models"
category = "main"
optional = false
python-versions = "*"

[package.dependencies]
attrs = "*"

[metadata]
lock-version = "1.1"
python-versions = "^3.6"
content-hash = "46c06088679e7e35a51ab7dea0c207ed1970523e3ec9504e3bea5849b8119869"

[metadata.files]
attrs = [
    {file = "attrs-20.3.0-py2.py3-none-any.whl", hash = "sha256:31b2eced602aa8423c2aea9c76a724617ed67cf9513173fd3a4f03e3a929c7e6"},
    {file = "attrs-20.3.0.tar.gz", hash = "sha256:832aa3cde19744e49938b91fea06d69ecb9e649c93ba974535d08ad92164f700"},
]
jstruct = [
    {file = "jstruct-2020.4.0-py3-none-any.whl", hash = "sha256:86257c1332e1ba6983d78e3199fb3dcadaf742e96c3c1a97f3ba322fa241f89c"},
]
